
Microsoft Visual Studio Solution File, Format Version 12.00
# Visual Studio Version 17
VisualStudioVersion = 17.3.32929.385
MinimumVisualStudioVersion = 10.0.40219.1
Project("{FAE04EC0-301F-11D3-BF4B-00C04F79EFBC}") = "TomsTools", "TomsTools\TomsTools.csproj", "{7F4F0A1E-5D09-4A1C-ADB0-6312B8DB39BC}"
EndProject
Project("{FAE04EC0-301F-11D3-BF4B-00C04F79EFBC}") = "TomsTools.Tests", "TomsTools.Tests\TomsTools.Tests.csproj", "{7DBD55F3-0D57-4EFF-B6E4-E8CCE921CF8B}"
EndProject
Global
	GlobalSection(SolutionConfigurationPlatforms) = preSolution
		Debug|Any CPU = Debug|Any CPU
		Release|Any CPU = Release|Any CPU
	EndGlobalSection
	GlobalSection(ProjectConfigurationPlatforms) = postSolution
		{7F4F0A1E-5D09-4A1C-ADB0-6312B8DB39BC}.Debug|Any CPU.ActiveCfg = Debug|Any CPU
		{7F4F0A1E-5D09-4A1C-ADB0-6312B8DB39BC}.Debug|Any CPU.Build.0 = Debug|Any CPU
		{7F4F0A1E-5D09-4A1C-ADB0-6312B8DB39BC}.Release|Any CPU.ActiveCfg = Release|Any CPU
		{7F4F0A1E-5D09-4A1C-ADB0-6312B8DB39BC}.Release|Any CPU.Build.0 = Release|Any CPU
		{7DBD55F3-0D57-4EFF-B6E4-E8CCE921CF8B}.Debug|Any CPU.ActiveCfg = Debug|Any CPU
		{7DBD55F3-0D57-4EFF-B6E4-E8CCE921CF8B}.Debug|Any CPU.Build.0 = Debug|Any CPU
		{7DBD55F3-0D57-4EFF-B6E4-E8CCE921CF8B}.Release|Any CPU.ActiveCfg = Release|Any CPU
		{7DBD55F3-0D57-4EFF-B6E4-E8CCE921CF8B}.Release|Any CPU.Build.0 = Release|Any CPU
	EndGlobalSection
	GlobalSection(SolutionProperties) = preSolution
		HideSolutionNode = FALSE
	EndGlobalSection
	GlobalSection(ExtensibilityGlobals) = postSolution
		SolutionGuid = {FA81347E-E653-4214-9C32-2773F2A8EFBF}
	EndGlobalSection
EndGlobal
