
Microsoft Visual Studio Solution File, Format Version 12.00
# Visual Studio Version 17
VisualStudioVersion = 17.3.32929.385
MinimumVisualStudioVersion = 10.0.40219.1
Project("{9A19103F-16F7-4668-BE54-9A1E7A4F7556}") = "TomsTools", "TomsTools\TomsTools.csproj", "{7F4F0A1E-5D09-4A1C-ADB0-6312B8DB39BC}"
EndProject
Project("{9A19103F-16F7-4668-BE54-9A1E7A4F7556}") = "TomsTools.Tests", "TomsTools.Tests\TomsTools.Tests.csproj", "{7DBD55F3-0D57-4EFF-B6E4-E8CCE921CF8B}"
EndProject
Project("{9A19103F-16F7-4668-BE54-9A1E7A4F7556}") = "TomsTools.App.Forms", "TomsTools.App.Forms\TomsTools.App.Forms.csproj", "{DDB76B06-62DC-469F-8ED7-FBB8EF26B0DC}"
EndProject
Project("{2150E333-8FDC-42A3-9474-1A3956D46DE8}") = "Files", "Files", "{6F6991B1-B09B-4187-915E-41399093CE3C}"
	ProjectSection(SolutionItems) = preProject
		..\..\README.md = ..\..\README.md
	EndProjectSection
EndProject
Global
	GlobalSection(SolutionConfigurationPlatforms) = preSolution
		Debug|Any CPU = Debug|Any CPU
		Release|Any CPU = Release|Any CPU
	EndGlobalSection
	GlobalSection(ProjectConfigurationPlatforms) = postSolution
		{7F4F0A1E-5D09-4A1C-ADB0-6312B8DB39BC}.Debug|Any CPU.ActiveCfg = Debug|Any CPU
		{7F4F0A1E-5D09-4A1C-ADB0-6312B8DB39BC}.Debug|Any CPU.Build.0 = Debug|Any CPU
		{7F4F0A1E-5D09-4A1C-ADB0-6312B8DB39BC}.Release|Any CPU.ActiveCfg = Release|Any CPU
		{7F4F0A1E-5D09-4A1C-ADB0-6312B8DB39BC}.Release|Any CPU.Build.0 = Release|Any CPU
		{7DBD55F3-0D57-4EFF-B6E4-E8CCE921CF8B}.Debug|Any CPU.ActiveCfg = Debug|Any CPU
		{7DBD55F3-0D57-4EFF-B6E4-E8CCE921CF8B}.Debug|Any CPU.Build.0 = Debug|Any CPU
		{7DBD55F3-0D57-4EFF-B6E4-E8CCE921CF8B}.Release|Any CPU.ActiveCfg = Release|Any CPU
		{7DBD55F3-0D57-4EFF-B6E4-E8CCE921CF8B}.Release|Any CPU.Build.0 = Release|Any CPU
		{DDB76B06-62DC-469F-8ED7-FBB8EF26B0DC}.Debug|Any CPU.ActiveCfg = Debug|Any CPU
		{DDB76B06-62DC-469F-8ED7-FBB8EF26B0DC}.Debug|Any CPU.Build.0 = Debug|Any CPU
		{DDB76B06-62DC-469F-8ED7-FBB8EF26B0DC}.Release|Any CPU.ActiveCfg = Release|Any CPU
		{DDB76B06-62DC-469F-8ED7-FBB8EF26B0DC}.Release|Any CPU.Build.0 = Release|Any CPU
	EndGlobalSection
	GlobalSection(SolutionProperties) = preSolution
		HideSolutionNode = FALSE
	EndGlobalSection
	GlobalSection(ExtensibilityGlobals) = postSolution
		SolutionGuid = {FA81347E-E653-4214-9C32-2773F2A8EFBF}
	EndGlobalSection
EndGlobal
